// !$*UTF8*$!
{
	archiveVersion = 1;
	classes = {
	};
	objectVersion = 50;
	objects = {

/* Begin PBXBuildFile section */
		3B480AFF21AE757800AABCE1 /* AppDelegate.m in Sources */ = {isa = PBXBuildFile; fileRef = 3B480AFE21AE757800AABCE1 /* AppDelegate.m */; };
		3B480B0221AE757800AABCE1 /* ViewController.m in Sources */ = {isa = PBXBuildFile; fileRef = 3B480B0121AE757800AABCE1 /* ViewController.m */; };
		3B480B0521AE757800AABCE1 /* Main.storyboard in Resources */ = {isa = PBXBuildFile; fileRef = 3B480B0321AE757800AABCE1 /* Main.storyboard */; };
		3B480B0721AE758100AABCE1 /* Assets.xcassets in Resources */ = {isa = PBXBuildFile; fileRef = 3B480B0621AE758100AABCE1 /* Assets.xcassets */; };
		3B480B0A21AE758100AABCE1 /* LaunchScreen.storyboard in Resources */ = {isa = PBXBuildFile; fileRef = 3B480B0821AE758100AABCE1 /* LaunchScreen.storyboard */; };
		3B480B0D21AE758100AABCE1 /* main.m in Sources */ = {isa = PBXBuildFile; fileRef = 3B480B0C21AE758100AABCE1 /* main.m */; };
		3B480B1721AE758100AABCE1 /* RunTimeNAV_UIViewControllerTests.m in Sources */ = {isa = PBXBuildFile; fileRef = 3B480B1621AE758100AABCE1 /* RunTimeNAV_UIViewControllerTests.m */; };
		3B480B2221AE758100AABCE1 /* RunTimeNAV_UIViewControllerUITests.m in Sources */ = {isa = PBXBuildFile; fileRef = 3B480B2121AE758100AABCE1 /* RunTimeNAV_UIViewControllerUITests.m */; };
/* End PBXBuildFile section */

/* Begin PBXContainerItemProxy section */
		3B480B1321AE758100AABCE1 /* PBXContainerItemProxy */ = {
			isa = PBXContainerItemProxy;
			containerPortal = 3B480AF221AE757800AABCE1 /* Project object */;
			proxyType = 1;
			remoteGlobalIDString = 3B480AF921AE757800AABCE1;
			remoteInfo = "RunTimeNAV+UIViewController";
		};
		3B480B1E21AE758100AABCE1 /* PBXContainerItemProxy */ = {
			isa = PBXContainerItemProxy;
			containerPortal = 3B480AF221AE757800AABCE1 /* Project object */;
			proxyType = 1;
			remoteGlobalIDString = 3B480AF921AE757800AABCE1;
			remoteInfo = "RunTimeNAV+UIViewController";
		};
/* End PBXContainerItemProxy section */

/* Begin PBXFileReference section */
		3B480AFA21AE757800AABCE1 /* RunTimeNAV+UIViewController.app */ = {isa = PBXFileReference; explicitFileType = wrapper.application; includeInIndex = 0; path = "RunTimeNAV+UIViewController.app"; sourceTree = BUILT_PRODUCTS_DIR; };
		3B480AFD21AE757800AABCE1 /* AppDelegate.h */ = {isa = PBXFileReference; lastKnownFileType = sourcecode.c.h; path = AppDelegate.h; sourceTree = "<group>"; };
		3B480AFE21AE757800AABCE1 /* AppDelegate.m */ = {isa = PBXFileReference; lastKnownFileType = sourcecode.c.objc; path = AppDelegate.m; sourceTree = "<group>"; };
		3B480B0021AE757800AABCE1 /* ViewController.h */ = {isa = PBXFileReference; lastKnownFileType = sourcecode.c.h; path = ViewController.h; sourceTree = "<group>"; };
		3B480B0121AE757800AABCE1 /* ViewController.m */ = {isa = PBXFileReference; lastKnownFileType = sourcecode.c.objc; path = ViewController.m; sourceTree = "<group>"; };
		3B480B0421AE757800AABCE1 /* Base */ = {isa = PBXFileReference; lastKnownFileType = file.storyboard; name = Base; path = Base.lproj/Main.storyboard; sourceTree = "<group>"; };
		3B480B0621AE758100AABCE1 /* Assets.xcassets */ = {isa = PBXFileReference; lastKnownFileType = folder.assetcatalog; path = Assets.xcassets; sourceTree = "<group>"; };
		3B480B0921AE758100AABCE1 /* Base */ = {isa = PBXFileReference; lastKnownFileType = file.storyboard; name = Base; path = Base.lproj/LaunchScreen.storyboard; sourceTree = "<group>"; };
		3B480B0B21AE758100AABCE1 /* Info.plist */ = {isa = PBXFileReference; lastKnownFileType = text.plist.xml; path = Info.plist; sourceTree = "<group>"; };
		3B480B0C21AE758100AABCE1 /* main.m */ = {isa = PBXFileReference; lastKnownFileType = sourcecode.c.objc; path = main.m; sourceTree = "<group>"; };
		3B480B1221AE758100AABCE1 /* RunTimeNAV+UIViewControllerTests.xctest */ = {isa = PBXFileReference; explicitFileType = wrapper.cfbundle; includeInIndex = 0; path = "RunTimeNAV+UIViewControllerTests.xctest"; sourceTree = BUILT_PRODUCTS_DIR; };
		3B480B1621AE758100AABCE1 /* RunTimeNAV_UIViewControllerTests.m */ = {isa = PBXFileReference; lastKnownFileType = sourcecode.c.objc; path = RunTimeNAV_UIViewControllerTests.m; sourceTree = "<group>"; };
		3B480B1821AE758100AABCE1 /* Info.plist */ = {isa = PBXFileReference; lastKnownFileType = text.plist.xml; path = Info.plist; sourceTree = "<group>"; };
		3B480B1D21AE758100AABCE1 /* RunTimeNAV+UIViewControllerUITests.xctest */ = {isa = PBXFileReference; explicitFileType = wrapper.cfbundle; includeInIndex = 0; path = "RunTimeNAV+UIViewControllerUITests.xctest"; sourceTree = BUILT_PRODUCTS_DIR; };
		3B480B2121AE758100AABCE1 /* RunTimeNAV_UIViewControllerUITests.m */ = {isa = PBXFileReference; lastKnownFileType = sourcecode.c.objc; path = RunTimeNAV_UIViewControllerUITests.m; sourceTree = "<group>"; };
		3B480B2321AE758100AABCE1 /* Info.plist */ = {isa = PBXFileReference; lastKnownFileType = text.plist.xml; path = Info.plist; sourceTree = "<group>"; };
/* End PBXFileReference section */

/* Begin PBXFrameworksBuildPhase section */
		3B480AF721AE757800AABCE1 /* Frameworks */ = {
			isa = PBXFrameworksBuildPhase;
			buildActionMask = 2147483647;
			files = (
			);
			runOnlyForDeploymentPostprocessing = 0;
		};
		3B480B0F21AE758100AABCE1 /* Frameworks */ = {
			isa = PBXFrameworksBuildPhase;
			buildActionMask = 2147483647;
			files = (
			);
			runOnlyForDeploymentPostprocessing = 0;
		};
		3B480B1A21AE758100AABCE1 /* Frameworks */ = {
			isa = PBXFrameworksBuildPhase;
			buildActionMask = 2147483647;
			files = (
			);
			runOnlyForDeploymentPostprocessing = 0;
		};
/* End PBXFrameworksBuildPhase section */

/* Begin PBXGroup section */
		3B480AF121AE757800AABCE1 = {
			isa = PBXGroup;
			children = (
				3B480AFC21AE757800AABCE1 /* RunTimeNAV+UIViewController */,
				3B480B1521AE758100AABCE1 /* RunTimeNAV+UIViewControllerTests */,
				3B480B2021AE758100AABCE1 /* RunTimeNAV+UIViewControllerUITests */,
				3B480AFB21AE757800AABCE1 /* Products */,
			);
			sourceTree = "<group>";
		};
		3B480AFB21AE757800AABCE1 /* Products */ = {
			isa = PBXGroup;
			children = (
				3B480AFA21AE757800AABCE1 /* RunTimeNAV+UIViewController.app */,
				3B480B1221AE758100AABCE1 /* RunTimeNAV+UIViewControllerTests.xctest */,
				3B480B1D21AE758100AABCE1 /* RunTimeNAV+UIViewControllerUITests.xctest */,
			);
			name = Products;
			sourceTree = "<group>";
		};
		3B480AFC21AE757800AABCE1 /* RunTimeNAV+UIViewController */ = {
			isa = PBXGroup;
			children = (
				3B480AFD21AE757800AABCE1 /* AppDelegate.h */,
				3B480AFE21AE757800AABCE1 /* AppDelegate.m */,
				3B480B0021AE757800AABCE1 /* ViewController.h */,
				3B480B0121AE757800AABCE1 /* ViewController.m */,
				3B480B0321AE757800AABCE1 /* Main.storyboard */,
				3B480B0621AE758100AABCE1 /* Assets.xcassets */,
				3B480B0821AE758100AABCE1 /* LaunchScreen.storyboard */,
				3B480B0B21AE758100AABCE1 /* Info.plist */,
				3B480B0C21AE758100AABCE1 /* main.m */,
			);
			path = "RunTimeNAV+UIViewController";
			sourceTree = "<group>";
		};
		3B480B1521AE758100AABCE1 /* RunTimeNAV+UIViewControllerTests */ = {
			isa = PBXGroup;
			children = (
				3B480B1621AE758100AABCE1 /* RunTimeNAV_UIViewControllerTests.m */,
				3B480B1821AE758100AABCE1 /* Info.plist */,
			);
			path = "RunTimeNAV+UIViewControllerTests";
			sourceTree = "<group>";
		};
		3B480B2021AE758100AABCE1 /* RunTimeNAV+UIViewControllerUITests */ = {
			isa = PBXGroup;
			children = (
				3B480B2121AE758100AABCE1 /* RunTimeNAV_UIViewControllerUITests.m */,
				3B480B2321AE758100AABCE1 /* Info.plist */,
			);
			path = "RunTimeNAV+UIViewControllerUITests";
			sourceTree = "<group>";
		};
/* End PBXGroup section */

/* Begin PBXNativeTarget section */
		3B480AF921AE757800AABCE1 /* RunTimeNAV+UIViewController */ = {
			isa = PBXNativeTarget;
			buildConfigurationList = 3B480B2621AE758100AABCE1 /* Build configuration list for PBXNativeTarget "RunTimeNAV+UIViewController" */;
			buildPhases = (
				3B480AF621AE757800AABCE1 /* Sources */,
				3B480AF721AE757800AABCE1 /* Frameworks */,
				3B480AF821AE757800AABCE1 /* Resources */,
			);
			buildRules = (
			);
			dependencies = (
			);
			name = "RunTimeNAV+UIViewController";
			productName = "RunTimeNAV+UIViewController";
			productReference = 3B480AFA21AE757800AABCE1 /* RunTimeNAV+UIViewController.app */;
			productType = "com.apple.product-type.application";
		};
		3B480B1121AE758100AABCE1 /* RunTimeNAV+UIViewControllerTests */ = {
			isa = PBXNativeTarget;
			buildConfigurationList = 3B480B2921AE758100AABCE1 /* Build configuration list for PBXNativeTarget "RunTimeNAV+UIViewControllerTests" */;
			buildPhases = (
				3B480B0E21AE758100AABCE1 /* Sources */,
				3B480B0F21AE758100AABCE1 /* Frameworks */,
				3B480B1021AE758100AABCE1 /* Resources */,
			);
			buildRules = (
			);
			dependencies = (
				3B480B1421AE758100AABCE1 /* PBXTargetDependency */,
			);
			name = "RunTimeNAV+UIViewControllerTests";
			productName = "RunTimeNAV+UIViewControllerTests";
			productReference = 3B480B1221AE758100AABCE1 /* RunTimeNAV+UIViewControllerTests.xctest */;
			productType = "com.apple.product-type.bundle.unit-test";
		};
		3B480B1C21AE758100AABCE1 /* RunTimeNAV+UIViewControllerUITests */ = {
			isa = PBXNativeTarget;
			buildConfigurationList = 3B480B2C21AE758100AABCE1 /* Build configuration list for PBXNativeTarget "RunTimeNAV+UIViewControllerUITests" */;
			buildPhases = (
				3B480B1921AE758100AABCE1 /* Sources */,
				3B480B1A21AE758100AABCE1 /* Frameworks */,
				3B480B1B21AE758100AABCE1 /* Resources */,
			);
			buildRules = (
			);
			dependencies = (
				3B480B1F21AE758100AABCE1 /* PBXTargetDependency */,
			);
			name = "RunTimeNAV+UIViewControllerUITests";
			productName = "RunTimeNAV+UIViewControllerUITests";
			productReference = 3B480B1D21AE758100AABCE1 /* RunTimeNAV+UIViewControllerUITests.xctest */;
			productType = "com.apple.product-type.bundle.ui-testing";
		};
/* End PBXNativeTarget section */

/* Begin PBXProject section */
		3B480AF221AE757800AABCE1 /* Project object */ = {
			isa = PBXProject;
			attributes = {
				LastUpgradeCheck = 0930;
				ORGANIZATIONNAME = gaucho;
				TargetAttributes = {
					3B480AF921AE757800AABCE1 = {
						CreatedOnToolsVersion = 9.3;
					};
					3B480B1121AE758100AABCE1 = {
						CreatedOnToolsVersion = 9.3;
						TestTargetID = 3B480AF921AE757800AABCE1;
					};
					3B480B1C21AE758100AABCE1 = {
						CreatedOnToolsVersion = 9.3;
						TestTargetID = 3B480AF921AE757800AABCE1;
					};
				};
			};
			buildConfigurationList = 3B480AF521AE757800AABCE1 /* Build configuration list for PBXProject "RunTimeNAV+UIViewController" */;
			compatibilityVersion = "Xcode 9.3";
			developmentRegion = en;
			hasScannedForEncodings = 0;
			knownRegions = (
				en,
				Base,
			);
			mainGroup = 3B480AF121AE757800AABCE1;
			productRefGroup = 3B480AFB21AE757800AABCE1 /* Products */;
			projectDirPath = "";
			projectRoot = "";
			targets = (
				3B480AF921AE757800AABCE1 /* RunTimeNAV+UIViewController */,
				3B480B1121AE758100AABCE1 /* RunTimeNAV+UIViewControllerTests */,
				3B480B1C21AE758100AABCE1 /* RunTimeNAV+UIViewControllerUITests */,
			);
		};
/* End PBXProject section */

/* Begin PBXResourcesBuildPhase section */
		3B480AF821AE757800AABCE1 /* Resources */ = {
			isa = PBXResourcesBuildPhase;
			buildActionMask = 2147483647;
			files = (
				3B480B0A21AE758100AABCE1 /* LaunchScreen.storyboard in Resources */,
				3B480B0721AE758100AABCE1 /* Assets.xcassets in Resources */,
				3B480B0521AE757800AABCE1 /* Main.storyboard in Resources */,
			);
			runOnlyForDeploymentPostprocessing = 0;
		};
		3B480B1021AE758100AABCE1 /* Resources */ = {
			isa = PBXResourcesBuildPhase;
			buildActionMask = 2147483647;
			files = (
			);
			runOnlyForDeploymentPostprocessing = 0;
		};
		3B480B1B21AE758100AABCE1 /* Resources */ = {
			isa = PBXResourcesBuildPhase;
			buildActionMask = 2147483647;
			files = (
			);
			runOnlyForDeploymentPostprocessing = 0;
		};
/* End PBXResourcesBuildPhase section */

/* Begin PBXSourcesBuildPhase section */
		3B480AF621AE757800AABCE1 /* Sources */ = {
			isa = PBXSourcesBuildPhase;
			buildActionMask = 2147483647;
			files = (
				3B480B0221AE757800AABCE1 /* ViewController.m in Sources */,
				3B480B0D21AE758100AABCE1 /* main.m in Sources */,
				3B480AFF21AE757800AABCE1 /* AppDelegate.m in Sources */,
			);
			runOnlyForDeploymentPostprocessing = 0;
		};
		3B480B0E21AE758100AABCE1 /* Sources */ = {
			isa = PBXSourcesBuildPhase;
			buildActionMask = 2147483647;
			files = (
				3B480B1721AE758100AABCE1 /* RunTimeNAV_UIViewControllerTests.m in Sources */,
			);
			runOnlyForDeploymentPostprocessing = 0;
		};
		3B480B1921AE758100AABCE1 /* Sources */ = {
			isa = PBXSourcesBuildPhase;
			buildActionMask = 2147483647;
			files = (
				3B480B2221AE758100AABCE1 /* RunTimeNAV_UIViewControllerUITests.m in Sources */,
			);
			runOnlyForDeploymentPostprocessing = 0;
		};
/* End PBXSourcesBuildPhase section */

/* Begin PBXTargetDependency section */
		3B480B1421AE758100AABCE1 /* PBXTargetDependency */ = {
			isa = PBXTargetDependency;
			target = 3B480AF921AE757800AABCE1 /* RunTimeNAV+UIViewController */;
			targetProxy = 3B480B1321AE758100AABCE1 /* PBXContainerItemProxy */;
		};
		3B480B1F21AE758100AABCE1 /* PBXTargetDependency */ = {
			isa = PBXTargetDependency;
			target = 3B480AF921AE757800AABCE1 /* RunTimeNAV+UIViewController */;
			targetProxy = 3B480B1E21AE758100AABCE1 /* PBXContainerItemProxy */;
		};
/* End PBXTargetDependency section */

/* Begin PBXVariantGroup section */
		3B480B0321AE757800AABCE1 /* Main.storyboard */ = {
			isa = PBXVariantGroup;
			children = (
				3B480B0421AE757800AABCE1 /* Base */,
			);
			name = Main.storyboard;
			sourceTree = "<group>";
		};
		3B480B0821AE758100AABCE1 /* LaunchScreen.storyboard */ = {
			isa = PBXVariantGroup;
			children = (
				3B480B0921AE758100AABCE1 /* Base */,
			);
			name = LaunchScreen.storyboard;
			sourceTree = "<group>";
		};
/* End PBXVariantGroup section */

/* Begin XCBuildConfiguration section */
		3B480B2421AE758100AABCE1 /* Debug */ = {
			isa = XCBuildConfiguration;
			buildSettings = {
				ALWAYS_SEARCH_USER_PATHS = NO;
				CLANG_ANALYZER_NONNULL = YES;
				CLANG_ANALYZER_NUMBER_OBJECT_CONVERSION = YES_AGGRESSIVE;
				CLANG_CXX_LANGUAGE_STANDARD = "gnu++14";
				CLANG_CXX_LIBRARY = "libc++";
				CLANG_ENABLE_MODULES = YES;
				CLANG_ENABLE_OBJC_ARC = YES;
				CLANG_ENABLE_OBJC_WEAK = YES;
				CLANG_WARN_BLOCK_CAPTURE_AUTORELEASING = YES;
				CLANG_WARN_BOOL_CONVERSION = YES;
				CLANG_WARN_COMMA = YES;
				CLANG_WARN_CONSTANT_CONVERSION = YES;
				CLANG_WARN_DEPRECATED_OBJC_IMPLEMENTATIONS = YES;
				CLANG_WARN_DIRECT_OBJC_ISA_USAGE = YES_ERROR;
				CLANG_WARN_DOCUMENTATION_COMMENTS = YES;
				CLANG_WARN_EMPTY_BODY = YES;
				CLANG_WARN_ENUM_CONVERSION = YES;
				CLANG_WARN_INFINITE_RECURSION = YES;
				CLANG_WARN_INT_CONVERSION = YES;
				CLANG_WARN_NON_LITERAL_NULL_CONVERSION = YES;
				CLANG_WARN_OBJC_IMPLICIT_RETAIN_SELF = YES;
				CLANG_WARN_OBJC_LITERAL_CONVERSION = YES;
				CLANG_WARN_OBJC_ROOT_CLASS = YES_ERROR;
				CLANG_WARN_RANGE_LOOP_ANALYSIS = YES;
				CLANG_WARN_STRICT_PROTOTYPES = YES;
				CLANG_WARN_SUSPICIOUS_MOVE = YES;
				CLANG_WARN_UNGUARDED_AVAILABILITY = YES_AGGRESSIVE;
				CLANG_WARN_UNREACHABLE_CODE = YES;
				CLANG_WARN__DUPLICATE_METHOD_MATCH = YES;
				CODE_SIGN_IDENTITY = "iPhone Developer";
				COPY_PHASE_STRIP = NO;
				DEBUG_INFORMATION_FORMAT = dwarf;
				ENABLE_STRICT_OBJC_MSGSEND = YES;
				ENABLE_TESTABILITY = YES;
				GCC_C_LANGUAGE_STANDARD = gnu11;
				GCC_DYNAMIC_NO_PIC = NO;
				GCC_NO_COMMON_BLOCKS = YES;
				GCC_OPTIMIZATION_LEVEL = 0;
				GCC_PREPROCESSOR_DEFINITIONS = (
					"DEBUG=1",
					"$(inherited)",
				);
				GCC_WARN_64_TO_32_BIT_CONVERSION = YES;
				GCC_WARN_ABOUT_RETURN_TYPE = YES_ERROR;
				GCC_WARN_UNDECLARED_SELECTOR = YES;
				GCC_WARN_UNINITIALIZED_AUTOS = YES_AGGRESSIVE;
				GCC_WARN_UNUSED_FUNCTION = YES;
				GCC_WARN_UNUSED_VARIABLE = YES;
				IPHONEOS_DEPLOYMENT_TARGET = 11.3;
				MTL_ENABLE_DEBUG_INFO = YES;
				ONLY_ACTIVE_ARCH = YES;
				SDKROOT = iphoneos;
			};
			name = Debug;
		};
		3B480B2521AE758100AABCE1 /* Release */ = {
			isa = XCBuildConfiguration;
			buildSettings = {
				ALWAYS_SEARCH_USER_PATHS = NO;
				CLANG_ANALYZER_NONNULL = YES;
				CLANG_ANALYZER_NUMBER_OBJECT_CONVERSION = YES_AGGRESSIVE;
				CLANG_CXX_LANGUAGE_STANDARD = "gnu++14";
				CLANG_CXX_LIBRARY = "libc++";
				CLANG_ENABLE_MODULES = YES;
				CLANG_ENABLE_OBJC_ARC = YES;
				CLANG_ENABLE_OBJC_WEAK = YES;
				CLANG_WARN_BLOCK_CAPTURE_AUTORELEASING = YES;
				CLANG_WARN_BOOL_CONVERSION = YES;
				CLANG_WARN_COMMA = YES;
				CLANG_WARN_CONSTANT_CONVERSION = YES;
				CLANG_WARN_DEPRECATED_OBJC_IMPLEMENTATIONS = YES;
				CLANG_WARN_DIRECT_OBJC_ISA_USAGE = YES_ERROR;
				CLANG_WARN_DOCUMENTATION_COMMENTS = YES;
				CLANG_WARN_EMPTY_BODY = YES;
				CLANG_WARN_ENUM_CONVERSION = YES;
				CLANG_WARN_INFINITE_RECURSION = YES;
				CLANG_WARN_INT_CONVERSION = YES;
				CLANG_WARN_NON_LITERAL_NULL_CONVERSION = YES;
				CLANG_WARN_OBJC_IMPLICIT_RETAIN_SELF = YES;
				CLANG_WARN_OBJC_LITERAL_CONVERSION = YES;
				CLANG_WARN_OBJC_ROOT_CLASS = YES_ERROR;
				CLANG_WARN_RANGE_LOOP_ANALYSIS = YES;
				CLANG_WARN_STRICT_PROTOTYPES = YES;
				CLANG_WARN_SUSPICIOUS_MOVE = YES;
				CLANG_WARN_UNGUARDED_AVAILABILITY = YES_AGGRESSIVE;
				CLANG_WARN_UNREACHABLE_CODE = YES;
				CLANG_WARN__DUPLICATE_METHOD_MATCH = YES;
				CODE_SIGN_IDENTITY = "iPhone Developer";
				COPY_PHASE_STRIP = NO;
				DEBUG_INFORMATION_FORMAT = "dwarf-with-dsym";
				ENABLE_NS_ASSERTIONS = NO;
				ENABLE_STRICT_OBJC_MSGSEND = YES;
				GCC_C_LANGUAGE_STANDARD = gnu11;
				GCC_NO_COMMON_BLOCKS = YES;
				GCC_WARN_64_TO_32_BIT_CONVERSION = YES;
				GCC_WARN_ABOUT_RETURN_TYPE = YES_ERROR;
				GCC_WARN_UNDECLARED_SELECTOR = YES;
				GCC_WARN_UNINITIALIZED_AUTOS = YES_AGGRESSIVE;
				GCC_WARN_UNUSED_FUNCTION = YES;
				GCC_WARN_UNUSED_VARIABLE = YES;
				IPHONEOS_DEPLOYMENT_TARGET = 11.3;
				MTL_ENABLE_DEBUG_INFO = NO;
				SDKROOT = iphoneos;
				VALIDATE_PRODUCT = YES;
			};
			name = Release;
		};
		3B480B2721AE758100AABCE1 /* Debug */ = {
			isa = XCBuildConfiguration;
			buildSettings = {
				ASSETCATALOG_COMPILER_APPICON_NAME = AppIcon;
				CODE_SIGN_STYLE = Automatic;
				INFOPLIST_FILE = "RunTimeNAV+UIViewController/Info.plist";
				LD_RUNPATH_SEARCH_PATHS = (
					"$(inherited)",
					"@executable_path/Frameworks",
				);
				PRODUCT_BUNDLE_IDENTIFIER = "gouchas.RunTimeNAV-UIViewController";
				PRODUCT_NAME = "$(TARGET_NAME)";
				TARGETED_DEVICE_FAMILY = "1,2";
			};
			name = Debug;
		};
		3B480B2821AE758100AABCE1 /* Release */ = {
			isa = XCBuildConfiguration;
			buildSettings = {
				ASSETCATALOG_COMPILER_APPICON_NAME = AppIcon;
				CODE_SIGN_STYLE = Automatic;
				INFOPLIST_FILE = "RunTimeNAV+UIViewController/Info.plist";
				LD_RUNPATH_SEARCH_PATHS = (
					"$(inherited)",
					"@executable_path/Frameworks",
				);
				PRODUCT_BUNDLE_IDENTIFIER = "gouchas.RunTimeNAV-UIViewController";
				PRODUCT_NAME = "$(TARGET_NAME)";
				TARGETED_DEVICE_FAMILY = "1,2";
			};
			name = Release;
		};
		3B480B2A21AE758100AABCE1 /* Debug */ = {
			isa = XCBuildConfiguration;
			buildSettings = {
				BUNDLE_LOADER = "$(TEST_HOST)";
				CODE_SIGN_STYLE = Automatic;
				INFOPLIST_FILE = "RunTimeNAV+UIViewControllerTests/Info.plist";
				LD_RUNPATH_SEARCH_PATHS = (
					"$(inherited)",
					"@executable_path/Frameworks",
					"@loader_path/Frameworks",
				);
				PRODUCT_BUNDLE_IDENTIFIER = "gouchas.RunTimeNAV-UIViewControllerTests";
				PRODUCT_NAME = "$(TARGET_NAME)";
				TARGETED_DEVICE_FAMILY = "1,2";
				TEST_HOST = "$(BUILT_PRODUCTS_DIR)/RunTimeNAV+UIViewController.app/RunTimeNAV+UIViewController";
			};
			name = Debug;
		};
		3B480B2B21AE758100AABCE1 /* Release */ = {
			isa = XCBuildConfiguration;
			buildSettings = {
				BUNDLE_LOADER = "$(TEST_HOST)";
				CODE_SIGN_STYLE = Automatic;
				INFOPLIST_FILE = "RunTimeNAV+UIViewControllerTests/Info.plist";
				LD_RUNPATH_SEARCH_PATHS = (
					"$(inherited)",
					"@executable_path/Frameworks",
					"@loader_path/Frameworks",
				);
				PRODUCT_BUNDLE_IDENTIFIER = "gouchas.RunTimeNAV-UIViewControllerTests";
				PRODUCT_NAME = "$(TARGET_NAME)";
				TARGETED_DEVICE_FAMILY = "1,2";
				TEST_HOST = "$(BUILT_PRODUCTS_DIR)/RunTimeNAV+UIViewController.app/RunTimeNAV+UIViewController";
			};
			name = Release;
		};
		3B480B2D21AE758100AABCE1 /* Debug */ = {
			isa = XCBuildConfiguration;
			buildSettings = {
				CODE_SIGN_STYLE = Automatic;
				INFOPLIST_FILE = "RunTimeNAV+UIViewControllerUITests/Info.plist";
				LD_RUNPATH_SEARCH_PATHS = (
					"$(inherited)",
					"@executable_path/Frameworks",
					"@loader_path/Frameworks",
				);
				PRODUCT_BUNDLE_IDENTIFIER = "gouchas.RunTimeNAV-UIViewControllerUITests";
				PRODUCT_NAME = "$(TARGET_NAME)";
				TARGETED_DEVICE_FAMILY = "1,2";
				TEST_TARGET_NAME = "RunTimeNAV+UIViewController";
			};
			name = Debug;
		};
		3B480B2E21AE758100AABCE1 /* Release */ = {
			isa = XCBuildConfiguration;
			buildSettings = {
				CODE_SIGN_STYLE = Automatic;
				INFOPLIST_FILE = "RunTimeNAV+UIViewControllerUITests/Info.plist";
				LD_RUNPATH_SEARCH_PATHS = (
					"$(inherited)",
					"@executable_path/Frameworks",
					"@loader_path/Frameworks",
				);
				PRODUCT_BUNDLE_IDENTIFIER = "gouchas.RunTimeNAV-UIViewControllerUITests";
				PRODUCT_NAME = "$(TARGET_NAME)";
				TARGETED_DEVICE_FAMILY = "1,2";
				TEST_TARGET_NAME = "RunTimeNAV+UIViewController";
			};
			name = Release;
		};
/* End XCBuildConfiguration section */

/* Begin XCConfigurationList section */
		3B480AF521AE757800AABCE1 /* Build configuration list for PBXProject "RunTimeNAV+UIViewController" */ = {
			isa = XCConfigurationList;
			buildConfigurations = (
				3B480B2421AE758100AABCE1 /* Debug */,
				3B480B2521AE758100AABCE1 /* Release */,
			);
			defaultConfigurationIsVisible = 0;
			defaultConfigurationName = Release;
		};
		3B480B2621AE758100AABCE1 /* Build configuration list for PBXNativeTarget "RunTimeNAV+UIViewController" */ = {
			isa = XCConfigurationList;
			buildConfigurations = (
				3B480B2721AE758100AABCE1 /* Debug */,
				3B480B2821AE758100AABCE1 /* Release */,
			);
			defaultConfigurationIsVisible = 0;
			defaultConfigurationName = Release;
		};
		3B480B2921AE758100AABCE1 /* Build configuration list for PBXNativeTarget "RunTimeNAV+UIViewControllerTests" */ = {
			isa = XCConfigurationList;
			buildConfigurations = (
				3B480B2A21AE758100AABCE1 /* Debug */,
				3B480B2B21AE758100AABCE1 /* Release */,
			);
			defaultConfigurationIsVisible = 0;
			defaultConfigurationName = Release;
		};
		3B480B2C21AE758100AABCE1 /* Build configuration list for PBXNativeTarget "RunTimeNAV+UIViewControllerUITests" */ = {
			isa = XCConfigurationList;
			buildConfigurations = (
				3B480B2D21AE758100AABCE1 /* Debug */,
				3B480B2E21AE758100AABCE1 /* Release */,
			);
			defaultConfigurationIsVisible = 0;
			defaultConfigurationName = Release;
		};
/* End XCConfigurationList section */
	};
	rootObject = 3B480AF221AE757800AABCE1 /* Project object */;
}
